
Microsoft Visual Studio Solution File, Format Version 12.00
# Visual Studio Version 16
VisualStudioVersion = 16.0.30523.141
MinimumVisualStudioVersion = 10.0.40219.1
Project("{FAE04EC0-301F-11D3-BF4B-00C04F79EFBC}") = "Ejercicio 4", "Ejercicio 4\Ejercicio 4.csproj", "{2150DA35-2142-4DF7-B0E8-81DAA95C8BC3}"
EndProject
Global
	GlobalSection(SolutionConfigurationPlatforms) = preSolution
		Debug|Any CPU = Debug|Any CPU
		Release|Any CPU = Release|Any CPU
	EndGlobalSection
	GlobalSection(ProjectConfigurationPlatforms) = postSolution
		{2150DA35-2142-4DF7-B0E8-81DAA95C8BC3}.Debug|Any CPU.ActiveCfg = Debug|Any CPU
		{2150DA35-2142-4DF7-B0E8-81DAA95C8BC3}.Debug|Any CPU.Build.0 = Debug|Any CPU
		{2150DA35-2142-4DF7-B0E8-81DAA95C8BC3}.Release|Any CPU.ActiveCfg = Release|Any CPU
		{2150DA35-2142-4DF7-B0E8-81DAA95C8BC3}.Release|Any CPU.Build.0 = Release|Any CPU
	EndGlobalSection
	GlobalSection(SolutionProperties) = preSolution
		HideSolutionNode = FALSE
	EndGlobalSection
	GlobalSection(ExtensibilityGlobals) = postSolution
		SolutionGuid = {4FEB3F01-9AEF-410D-B0D2-124DC61E73EB}
	EndGlobalSection
EndGlobal
